
Microsoft Visual Studio Solution File, Format Version 12.00
# Visual Studio Version 17
VisualStudioVersion = 17.5.33516.290
MinimumVisualStudioVersion = 10.0.40219.1
Project("{9A19103F-16F7-4668-BE54-9A1E7A4F7556}") = "WebBMI", "WebBMI\WebBMI.csproj", "{724E778A-6E4D-4EB9-931E-8469377384C6}"
EndProject
Project("{9A19103F-16F7-4668-BE54-9A1E7A4F7556}") = "HealthMgr", "HealthMgr\HealthMgr.csproj", "{48BEB93C-B6EE-4F1F-83CF-D8E37EC38554}"
EndProject
Project("{FAE04EC0-301F-11D3-BF4B-00C04F79EFBC}") = "HealthMgrTests", "HealthMgrTests\HealthMgrTests.csproj", "{EE1BA120-880E-4289-9419-DF0783BD410A}"
EndProject
Global
	GlobalSection(SolutionConfigurationPlatforms) = preSolution
		Debug|Any CPU = Debug|Any CPU
		Release|Any CPU = Release|Any CPU
	EndGlobalSection
	GlobalSection(ProjectConfigurationPlatforms) = postSolution
		{724E778A-6E4D-4EB9-931E-8469377384C6}.Debug|Any CPU.ActiveCfg = Debug|Any CPU
		{724E778A-6E4D-4EB9-931E-8469377384C6}.Debug|Any CPU.Build.0 = Debug|Any CPU
		{724E778A-6E4D-4EB9-931E-8469377384C6}.Release|Any CPU.ActiveCfg = Release|Any CPU
		{724E778A-6E4D-4EB9-931E-8469377384C6}.Release|Any CPU.Build.0 = Release|Any CPU
		{48BEB93C-B6EE-4F1F-83CF-D8E37EC38554}.Debug|Any CPU.ActiveCfg = Debug|Any CPU
		{48BEB93C-B6EE-4F1F-83CF-D8E37EC38554}.Debug|Any CPU.Build.0 = Debug|Any CPU
		{48BEB93C-B6EE-4F1F-83CF-D8E37EC38554}.Release|Any CPU.ActiveCfg = Release|Any CPU
		{48BEB93C-B6EE-4F1F-83CF-D8E37EC38554}.Release|Any CPU.Build.0 = Release|Any CPU
		{EE1BA120-880E-4289-9419-DF0783BD410A}.Debug|Any CPU.ActiveCfg = Debug|Any CPU
		{EE1BA120-880E-4289-9419-DF0783BD410A}.Debug|Any CPU.Build.0 = Debug|Any CPU
		{EE1BA120-880E-4289-9419-DF0783BD410A}.Release|Any CPU.ActiveCfg = Release|Any CPU
		{EE1BA120-880E-4289-9419-DF0783BD410A}.Release|Any CPU.Build.0 = Release|Any CPU
	EndGlobalSection
	GlobalSection(SolutionProperties) = preSolution
		HideSolutionNode = FALSE
	EndGlobalSection
	GlobalSection(ExtensibilityGlobals) = postSolution
		SolutionGuid = {6E6E81B6-6BE8-4F06-A1B3-4711A07AFEFF}
	EndGlobalSection
EndGlobal
